
Microsoft Visual Studio Solution File, Format Version 12.00
# Visual Studio Version 17
VisualStudioVersion = 17.11.35303.130
MinimumVisualStudioVersion = 10.0.40219.1
Project("{2150E333-8FDC-42A3-9474-1A3956D46DE8}") = "Services", "Services", "{46123650-7BAF-45C0-97FE-FAEABA1851A7}"
EndProject
Project("{2150E333-8FDC-42A3-9474-1A3956D46DE8}") = "Catalog", "Catalog", "{51C36E1F-4978-4292-B88C-DF5A818682CD}"
EndProject
Project("{9A19103F-16F7-4668-BE54-9A1E7A4F7556}") = "Catalog.API", "services\catalog\Catalog.API\Catalog.API.csproj", "{B07036A7-E6C0-406D-A90E-95F894B714E3}"
EndProject
Project("{2150E333-8FDC-42A3-9474-1A3956D46DE8}") = "BuildingBlocks", "BuildingBlocks", "{6B9BD1D1-BCB2-43D6-ACE2-01D52AD1FAD4}"
EndProject
Project("{9A19103F-16F7-4668-BE54-9A1E7A4F7556}") = "BuildingBlocks", "buildingBlocks\BuildingBlocks\BuildingBlocks.csproj", "{3ADE3E5C-F2FF-4B99-9E3C-A489E050A6B2}"
EndProject
Project("{E53339B2-1760-4266-BCC7-CA923CBCF16C}") = "docker-compose", "docker-compose.dcproj", "{EC24FF59-AD14-4BAD-89B1-099AF391EF80}"
EndProject
Project("{2150E333-8FDC-42A3-9474-1A3956D46DE8}") = "Basket", "Basket", "{BE06B955-28BF-4608-A027-84FDC2609A48}"
EndProject
Project("{9A19103F-16F7-4668-BE54-9A1E7A4F7556}") = "Basket.API", "services\basket\Basket.API\Basket.API.csproj", "{D276C38F-395C-4939-9E66-2DC4BD862793}"
EndProject
Project("{2150E333-8FDC-42A3-9474-1A3956D46DE8}") = "Discount", "Discount", "{F96CD77B-D587-43AC-AE80-555591AF0901}"
EndProject
Project("{9A19103F-16F7-4668-BE54-9A1E7A4F7556}") = "Discount.GRPC", "services\discount\Discount.GRPC\Discount.GRPC.csproj", "{9306FBFF-2E7C-4585-A1AC-0C50B134710D}"
EndProject
Project("{2150E333-8FDC-42A3-9474-1A3956D46DE8}") = "Ordering", "Ordering", "{7C364ACB-CEF1-4444-B80A-F9AA5632AEE9}"
EndProject
Project("{FAE04EC0-301F-11D3-BF4B-00C04F79EFBC}") = "Ordering.API", "services\ordering\Ordering.API\Ordering.API.csproj", "{4A3840F7-745B-4F61-94E1-CDDB6C1237BA}"
EndProject
Project("{FAE04EC0-301F-11D3-BF4B-00C04F79EFBC}") = "Ordering.Domain", "services\ordering\Ordering.Domain\Ordering.Domain.csproj", "{4CA1A448-FF09-4369-94AF-0601B9655DCB}"
EndProject
Global
	GlobalSection(SolutionConfigurationPlatforms) = preSolution
		Debug|Any CPU = Debug|Any CPU
		Release|Any CPU = Release|Any CPU
	EndGlobalSection
	GlobalSection(ProjectConfigurationPlatforms) = postSolution
		{B07036A7-E6C0-406D-A90E-95F894B714E3}.Debug|Any CPU.ActiveCfg = Debug|Any CPU
		{B07036A7-E6C0-406D-A90E-95F894B714E3}.Debug|Any CPU.Build.0 = Debug|Any CPU
		{B07036A7-E6C0-406D-A90E-95F894B714E3}.Release|Any CPU.ActiveCfg = Release|Any CPU
		{B07036A7-E6C0-406D-A90E-95F894B714E3}.Release|Any CPU.Build.0 = Release|Any CPU
		{3ADE3E5C-F2FF-4B99-9E3C-A489E050A6B2}.Debug|Any CPU.ActiveCfg = Debug|Any CPU
		{3ADE3E5C-F2FF-4B99-9E3C-A489E050A6B2}.Debug|Any CPU.Build.0 = Debug|Any CPU
		{3ADE3E5C-F2FF-4B99-9E3C-A489E050A6B2}.Release|Any CPU.ActiveCfg = Release|Any CPU
		{3ADE3E5C-F2FF-4B99-9E3C-A489E050A6B2}.Release|Any CPU.Build.0 = Release|Any CPU
		{EC24FF59-AD14-4BAD-89B1-099AF391EF80}.Debug|Any CPU.ActiveCfg = Debug|Any CPU
		{EC24FF59-AD14-4BAD-89B1-099AF391EF80}.Debug|Any CPU.Build.0 = Debug|Any CPU
		{EC24FF59-AD14-4BAD-89B1-099AF391EF80}.Release|Any CPU.ActiveCfg = Release|Any CPU
		{EC24FF59-AD14-4BAD-89B1-099AF391EF80}.Release|Any CPU.Build.0 = Release|Any CPU
		{D276C38F-395C-4939-9E66-2DC4BD862793}.Debug|Any CPU.ActiveCfg = Debug|Any CPU
		{D276C38F-395C-4939-9E66-2DC4BD862793}.Debug|Any CPU.Build.0 = Debug|Any CPU
		{D276C38F-395C-4939-9E66-2DC4BD862793}.Release|Any CPU.ActiveCfg = Release|Any CPU
		{D276C38F-395C-4939-9E66-2DC4BD862793}.Release|Any CPU.Build.0 = Release|Any CPU
		{9306FBFF-2E7C-4585-A1AC-0C50B134710D}.Debug|Any CPU.ActiveCfg = Debug|Any CPU
		{9306FBFF-2E7C-4585-A1AC-0C50B134710D}.Debug|Any CPU.Build.0 = Debug|Any CPU
		{9306FBFF-2E7C-4585-A1AC-0C50B134710D}.Release|Any CPU.ActiveCfg = Release|Any CPU
		{9306FBFF-2E7C-4585-A1AC-0C50B134710D}.Release|Any CPU.Build.0 = Release|Any CPU
		{4A3840F7-745B-4F61-94E1-CDDB6C1237BA}.Debug|Any CPU.ActiveCfg = Debug|Any CPU
		{4A3840F7-745B-4F61-94E1-CDDB6C1237BA}.Debug|Any CPU.Build.0 = Debug|Any CPU
		{4A3840F7-745B-4F61-94E1-CDDB6C1237BA}.Release|Any CPU.ActiveCfg = Release|Any CPU
		{4A3840F7-745B-4F61-94E1-CDDB6C1237BA}.Release|Any CPU.Build.0 = Release|Any CPU
		{4CA1A448-FF09-4369-94AF-0601B9655DCB}.Debug|Any CPU.ActiveCfg = Debug|Any CPU
		{4CA1A448-FF09-4369-94AF-0601B9655DCB}.Debug|Any CPU.Build.0 = Debug|Any CPU
		{4CA1A448-FF09-4369-94AF-0601B9655DCB}.Release|Any CPU.ActiveCfg = Release|Any CPU
		{4CA1A448-FF09-4369-94AF-0601B9655DCB}.Release|Any CPU.Build.0 = Release|Any CPU
	EndGlobalSection
	GlobalSection(SolutionProperties) = preSolution
		HideSolutionNode = FALSE
	EndGlobalSection
	GlobalSection(NestedProjects) = preSolution
		{51C36E1F-4978-4292-B88C-DF5A818682CD} = {46123650-7BAF-45C0-97FE-FAEABA1851A7}
		{B07036A7-E6C0-406D-A90E-95F894B714E3} = {51C36E1F-4978-4292-B88C-DF5A818682CD}
		{3ADE3E5C-F2FF-4B99-9E3C-A489E050A6B2} = {6B9BD1D1-BCB2-43D6-ACE2-01D52AD1FAD4}
		{BE06B955-28BF-4608-A027-84FDC2609A48} = {46123650-7BAF-45C0-97FE-FAEABA1851A7}
		{D276C38F-395C-4939-9E66-2DC4BD862793} = {BE06B955-28BF-4608-A027-84FDC2609A48}
		{F96CD77B-D587-43AC-AE80-555591AF0901} = {46123650-7BAF-45C0-97FE-FAEABA1851A7}
		{9306FBFF-2E7C-4585-A1AC-0C50B134710D} = {F96CD77B-D587-43AC-AE80-555591AF0901}
		{7C364ACB-CEF1-4444-B80A-F9AA5632AEE9} = {46123650-7BAF-45C0-97FE-FAEABA1851A7}
		{4A3840F7-745B-4F61-94E1-CDDB6C1237BA} = {7C364ACB-CEF1-4444-B80A-F9AA5632AEE9}
		{4CA1A448-FF09-4369-94AF-0601B9655DCB} = {7C364ACB-CEF1-4444-B80A-F9AA5632AEE9}
	EndGlobalSection
	GlobalSection(ExtensibilityGlobals) = postSolution
		SolutionGuid = {4D288B37-2866-4C0E-9EB5-711C97FB42A8}
	EndGlobalSection
EndGlobal
